
Microsoft Visual Studio Solution File, Format Version 12.00
# Visual Studio Version 17
VisualStudioVersion = 17.4.33020.496
MinimumVisualStudioVersion = 10.0.40219.1
Project("{9A19103F-16F7-4668-BE54-9A1E7A4F7556}") = "EshopWebAPI", "EshopWebAPI\EshopWebAPI.csproj", "{E6EB433A-6BAC-4ED3-8FFF-90CF424BD312}"
EndProject
Project("{FAE04EC0-301F-11D3-BF4B-00C04F79EFBC}") = "EshopWebAPI.Tests", "EshopWebAPI.Tests\EshopWebAPI.Tests.csproj", "{34582435-683A-44A4-B267-0567BD828FF5}"
EndProject
Global
	GlobalSection(SolutionConfigurationPlatforms) = preSolution
		Debug|Any CPU = Debug|Any CPU
		Release|Any CPU = Release|Any CPU
	EndGlobalSection
	GlobalSection(ProjectConfigurationPlatforms) = postSolution
		{E6EB433A-6BAC-4ED3-8FFF-90CF424BD312}.Debug|Any CPU.ActiveCfg = Debug|Any CPU
		{E6EB433A-6BAC-4ED3-8FFF-90CF424BD312}.Debug|Any CPU.Build.0 = Debug|Any CPU
		{E6EB433A-6BAC-4ED3-8FFF-90CF424BD312}.Release|Any CPU.ActiveCfg = Release|Any CPU
		{E6EB433A-6BAC-4ED3-8FFF-90CF424BD312}.Release|Any CPU.Build.0 = Release|Any CPU
		{34582435-683A-44A4-B267-0567BD828FF5}.Debug|Any CPU.ActiveCfg = Debug|Any CPU
		{34582435-683A-44A4-B267-0567BD828FF5}.Debug|Any CPU.Build.0 = Debug|Any CPU
		{34582435-683A-44A4-B267-0567BD828FF5}.Release|Any CPU.ActiveCfg = Release|Any CPU
		{34582435-683A-44A4-B267-0567BD828FF5}.Release|Any CPU.Build.0 = Release|Any CPU
	EndGlobalSection
	GlobalSection(SolutionProperties) = preSolution
		HideSolutionNode = FALSE
	EndGlobalSection
	GlobalSection(ExtensibilityGlobals) = postSolution
		SolutionGuid = {AFB1B6B4-7CF8-432E-BF48-200810867BD2}
	EndGlobalSection
EndGlobal
